{
  "requires": true,
  "lockfileVersion": 1,
  "dependencies": {
    "nuxt-property-decorator": {
      "version": "2.9.1",
      "resolved": "https://registry.npmjs.org/nuxt-property-decorator/-/nuxt-property-decorator-2.9.1.tgz",
      "integrity": "sha512-dE2GrrGKZMhv0dHAr+Lmj+JOQfjIouINgF58QNRDFNOZXMJrXxKO5zGqvCRwmx3hxqqwht7TXHdz9w1AnvL2IA==",
      "requires": {
        "vue-class-component": "^7.2.6",
        "vue-property-decorator": "^9.0.0",
        "vuex-class": "^0.3.2",
        "vuex-module-decorators": "^1.0.1"
      }
    },
    "vue-class-component": {
      "version": "7.2.6",
      "resolved": "https://registry.npmjs.org/vue-class-component/-/vue-class-component-7.2.6.tgz",
      "integrity": "sha512-+eaQXVrAm/LldalI272PpDe3+i4mPis0ORiMYxF6Ae4hyuCh15W8Idet7wPUEs4N4YptgFHGys4UrgNQOMyO6w=="
    },
    "vue-property-decorator": {
      "version": "9.1.2",
      "resolved": "https://registry.npmjs.org/vue-property-decorator/-/vue-property-decorator-9.1.2.tgz",
      "integrity": "sha512-xYA8MkZynPBGd/w5QFJ2d/NM0z/YeegMqYTphy7NJQXbZcuU6FC6AOdUAcy4SXP+YnkerC6AfH+ldg7PDk9ESQ=="
    },
    "vuex-class": {
      "version": "0.3.2",
      "resolved": "https://registry.npmjs.org/vuex-class/-/vuex-class-0.3.2.tgz",
      "integrity": "sha512-m0w7/FMsNcwJgunJeM+wcNaHzK2KX1K1rw2WUQf7Q16ndXHo7pflRyOV/E8795JO/7fstyjH3EgqBI4h4n4qXQ=="
    },
    "vuex-module-decorators": {
      "version": "1.0.1",
      "resolved": "https://registry.npmjs.org/vuex-module-decorators/-/vuex-module-decorators-1.0.1.tgz",
      "integrity": "sha512-FLWZsXV5XAtl/bcKUyQFpnSBtpc3wK/7zSdy9oKbyp71mZd4ut5y2zSd219wWW9OG7WUOlVwac4rXFFDVnq7ug=="
    }
  }
}
